{
    "_meta": {
        "hash": {
            "sha256": "9713c2b0e269b1d997073bb7c9cd664546a0628cb0aeaa72b77368be124324f9"
        },
        "host-environment-markers": {
            "implementation_name": "cpython",
            "implementation_version": "0",
            "os_name": "posix",
            "platform_machine": "x86_64",
            "platform_python_implementation": "CPython",
            "platform_release": "4.4.0-98-generic",
            "platform_system": "Linux",
            "platform_version": "#121-Ubuntu SMP Tue Oct 10 14:24:03 UTC 2017",
            "python_full_version": "2.7.12",
            "python_version": "2.7",
            "sys_platform": "linux2"
        },
        "pipfile-spec": 6,
        "requires": {},
        "sources": [
            {
                "name": "pypi",
                "url": "https://pypi.python.org/simple",
                "verify_ssl": true
            }
        ]
    },
    "default": {
        "scapy": {
            "hashes": [
                "sha256:9d3b0293dcdc2cc42eedacbc9003038109558c4b5c5e4a3fa01b8ef5762f1eb0"
            ],
            "version": "==2.3.3"
        }
    },
    "develop": {}
}
